// !$*UTF8*$!
{
	archiveVersion = 1;
	classes = {
	};
	objectVersion = 50;
	objects = {

/* Begin PBXBuildFile section */
		F69EE78726CC96DD00DA1648 /* AppDelegate.swift in Sources */ = {isa = PBXBuildFile; fileRef = F69EE78626CC96DD00DA1648 /* AppDelegate.swift */; };
		F69EE78926CC96DD00DA1648 /* SceneDelegate.swift in Sources */ = {isa = PBXBuildFile; fileRef = F69EE78826CC96DD00DA1648 /* SceneDelegate.swift */; };
		F69EE78B26CC96DD00DA1648 /* ViewController.swift in Sources */ = {isa = PBXBuildFile; fileRef = F69EE78A26CC96DD00DA1648 /* ViewController.swift */; };
		F69EE78E26CC96DD00DA1648 /* Main.storyboard in Resources */ = {isa = PBXBuildFile; fileRef = F69EE78C26CC96DD00DA1648 /* Main.storyboard */; };
		F69EE79026CC96E100DA1648 /* Assets.xcassets in Resources */ = {isa = PBXBuildFile; fileRef = F69EE78F26CC96E100DA1648 /* Assets.xcassets */; };
		F69EE79326CC96E100DA1648 /* LaunchScreen.storyboard in Resources */ = {isa = PBXBuildFile; fileRef = F69EE79126CC96E100DA1648 /* LaunchScreen.storyboard */; };
		F69EE79E26CC96E100DA1648 /* MentorBookTests.swift in Sources */ = {isa = PBXBuildFile; fileRef = F69EE79D26CC96E100DA1648 /* MentorBookTests.swift */; };
		F69EE7A926CC96E100DA1648 /* MentorBookUITests.swift in Sources */ = {isa = PBXBuildFile; fileRef = F69EE7A826CC96E100DA1648 /* MentorBookUITests.swift */; };
		F69EE7B726CC9A1800DA1648 /* Mentor.swift in Sources */ = {isa = PBXBuildFile; fileRef = F69EE7B626CC9A1800DA1648 /* Mentor.swift */; };
/* End PBXBuildFile section */

/* Begin PBXContainerItemProxy section */
		F69EE79A26CC96E100DA1648 /* PBXContainerItemProxy */ = {
			isa = PBXContainerItemProxy;
			containerPortal = F69EE77B26CC96DD00DA1648 /* Project object */;
			proxyType = 1;
			remoteGlobalIDString = F69EE78226CC96DD00DA1648;
			remoteInfo = MentorBook;
		};
		F69EE7A526CC96E100DA1648 /* PBXContainerItemProxy */ = {
			isa = PBXContainerItemProxy;
			containerPortal = F69EE77B26CC96DD00DA1648 /* Project object */;
			proxyType = 1;
			remoteGlobalIDString = F69EE78226CC96DD00DA1648;
			remoteInfo = MentorBook;
		};
/* End PBXContainerItemProxy section */

/* Begin PBXFileReference section */
		F69EE78326CC96DD00DA1648 /* MentorBook.app */ = {isa = PBXFileReference; explicitFileType = wrapper.application; includeInIndex = 0; path = MentorBook.app; sourceTree = BUILT_PRODUCTS_DIR; };
		F69EE78626CC96DD00DA1648 /* AppDelegate.swift */ = {isa = PBXFileReference; lastKnownFileType = sourcecode.swift; path = AppDelegate.swift; sourceTree = "<group>"; };
		F69EE78826CC96DD00DA1648 /* SceneDelegate.swift */ = {isa = PBXFileReference; lastKnownFileType = sourcecode.swift; path = SceneDelegate.swift; sourceTree = "<group>"; };
		F69EE78A26CC96DD00DA1648 /* ViewController.swift */ = {isa = PBXFileReference; lastKnownFileType = sourcecode.swift; path = ViewController.swift; sourceTree = "<group>"; };
		F69EE78D26CC96DD00DA1648 /* Base */ = {isa = PBXFileReference; lastKnownFileType = file.storyboard; name = Base; path = Base.lproj/Main.storyboard; sourceTree = "<group>"; };
		F69EE78F26CC96E100DA1648 /* Assets.xcassets */ = {isa = PBXFileReference; lastKnownFileType = folder.assetcatalog; path = Assets.xcassets; sourceTree = "<group>"; };
		F69EE79226CC96E100DA1648 /* Base */ = {isa = PBXFileReference; lastKnownFileType = file.storyboard; name = Base; path = Base.lproj/LaunchScreen.storyboard; sourceTree = "<group>"; };
		F69EE79426CC96E100DA1648 /* Info.plist */ = {isa = PBXFileReference; lastKnownFileType = text.plist.xml; path = Info.plist; sourceTree = "<group>"; };
		F69EE79926CC96E100DA1648 /* MentorBookTests.xctest */ = {isa = PBXFileReference; explicitFileType = wrapper.cfbundle; includeInIndex = 0; path = MentorBookTests.xctest; sourceTree = BUILT_PRODUCTS_DIR; };
		F69EE79D26CC96E100DA1648 /* MentorBookTests.swift */ = {isa = PBXFileReference; lastKnownFileType = sourcecode.swift; path = MentorBookTests.swift; sourceTree = "<group>"; };
		F69EE79F26CC96E100DA1648 /* Info.plist */ = {isa = PBXFileReference; lastKnownFileType = text.plist.xml; path = Info.plist; sourceTree = "<group>"; };
		F69EE7A426CC96E100DA1648 /* MentorBookUITests.xctest */ = {isa = PBXFileReference; explicitFileType = wrapper.cfbundle; includeInIndex = 0; path = MentorBookUITests.xctest; sourceTree = BUILT_PRODUCTS_DIR; };
		F69EE7A826CC96E100DA1648 /* MentorBookUITests.swift */ = {isa = PBXFileReference; lastKnownFileType = sourcecode.swift; path = MentorBookUITests.swift; sourceTree = "<group>"; };
		F69EE7AA26CC96E100DA1648 /* Info.plist */ = {isa = PBXFileReference; lastKnownFileType = text.plist.xml; path = Info.plist; sourceTree = "<group>"; };
		F69EE7B626CC9A1800DA1648 /* Mentor.swift */ = {isa = PBXFileReference; lastKnownFileType = sourcecode.swift; path = Mentor.swift; sourceTree = "<group>"; };
/* End PBXFileReference section */

/* Begin PBXFrameworksBuildPhase section */
		F69EE78026CC96DD00DA1648 /* Frameworks */ = {
			isa = PBXFrameworksBuildPhase;
			buildActionMask = 2147483647;
			files = (
			);
			runOnlyForDeploymentPostprocessing = 0;
		};
		F69EE79626CC96E100DA1648 /* Frameworks */ = {
			isa = PBXFrameworksBuildPhase;
			buildActionMask = 2147483647;
			files = (
			);
			runOnlyForDeploymentPostprocessing = 0;
		};
		F69EE7A126CC96E100DA1648 /* Frameworks */ = {
			isa = PBXFrameworksBuildPhase;
			buildActionMask = 2147483647;
			files = (
			);
			runOnlyForDeploymentPostprocessing = 0;
		};
/* End PBXFrameworksBuildPhase section */

/* Begin PBXGroup section */
		F69EE77A26CC96DD00DA1648 = {
			isa = PBXGroup;
			children = (
				F69EE78526CC96DD00DA1648 /* MentorBook */,
				F69EE79C26CC96E100DA1648 /* MentorBookTests */,
				F69EE7A726CC96E100DA1648 /* MentorBookUITests */,
				F69EE78426CC96DD00DA1648 /* Products */,
			);
			sourceTree = "<group>";
		};
		F69EE78426CC96DD00DA1648 /* Products */ = {
			isa = PBXGroup;
			children = (
				F69EE78326CC96DD00DA1648 /* MentorBook.app */,
				F69EE79926CC96E100DA1648 /* MentorBookTests.xctest */,
				F69EE7A426CC96E100DA1648 /* MentorBookUITests.xctest */,
			);
			name = Products;
			sourceTree = "<group>";
		};
		F69EE78526CC96DD00DA1648 /* MentorBook */ = {
			isa = PBXGroup;
			children = (
				F69EE78626CC96DD00DA1648 /* AppDelegate.swift */,
				F69EE78826CC96DD00DA1648 /* SceneDelegate.swift */,
				F69EE78A26CC96DD00DA1648 /* ViewController.swift */,
				F69EE78C26CC96DD00DA1648 /* Main.storyboard */,
				F69EE78F26CC96E100DA1648 /* Assets.xcassets */,
				F69EE79126CC96E100DA1648 /* LaunchScreen.storyboard */,
				F69EE79426CC96E100DA1648 /* Info.plist */,
				F69EE7B626CC9A1800DA1648 /* Mentor.swift */,
			);
			path = MentorBook;
			sourceTree = "<group>";
		};
		F69EE79C26CC96E100DA1648 /* MentorBookTests */ = {
			isa = PBXGroup;
			children = (
				F69EE79D26CC96E100DA1648 /* MentorBookTests.swift */,
				F69EE79F26CC96E100DA1648 /* Info.plist */,
			);
			path = MentorBookTests;
			sourceTree = "<group>";
		};
		F69EE7A726CC96E100DA1648 /* MentorBookUITests */ = {
			isa = PBXGroup;
			children = (
				F69EE7A826CC96E100DA1648 /* MentorBookUITests.swift */,
				F69EE7AA26CC96E100DA1648 /* Info.plist */,
			);
			path = MentorBookUITests;
			sourceTree = "<group>";
		};
/* End PBXGroup section */

/* Begin PBXNativeTarget section */
		F69EE78226CC96DD00DA1648 /* MentorBook */ = {
			isa = PBXNativeTarget;
			buildConfigurationList = F69EE7AD26CC96E100DA1648 /* Build configuration list for PBXNativeTarget "MentorBook" */;
			buildPhases = (
				F69EE77F26CC96DD00DA1648 /* Sources */,
				F69EE78026CC96DD00DA1648 /* Frameworks */,
				F69EE78126CC96DD00DA1648 /* Resources */,
			);
			buildRules = (
			);
			dependencies = (
			);
			name = MentorBook;
			productName = MentorBook;
			productReference = F69EE78326CC96DD00DA1648 /* MentorBook.app */;
			productType = "com.apple.product-type.application";
		};
		F69EE79826CC96E100DA1648 /* MentorBookTests */ = {
			isa = PBXNativeTarget;
			buildConfigurationList = F69EE7B026CC96E100DA1648 /* Build configuration list for PBXNativeTarget "MentorBookTests" */;
			buildPhases = (
				F69EE79526CC96E100DA1648 /* Sources */,
				F69EE79626CC96E100DA1648 /* Frameworks */,
				F69EE79726CC96E100DA1648 /* Resources */,
			);
			buildRules = (
			);
			dependencies = (
				F69EE79B26CC96E100DA1648 /* PBXTargetDependency */,
			);
			name = MentorBookTests;
			productName = MentorBookTests;
			productReference = F69EE79926CC96E100DA1648 /* MentorBookTests.xctest */;
			productType = "com.apple.product-type.bundle.unit-test";
		};
		F69EE7A326CC96E100DA1648 /* MentorBookUITests */ = {
			isa = PBXNativeTarget;
			buildConfigurationList = F69EE7B326CC96E100DA1648 /* Build configuration list for PBXNativeTarget "MentorBookUITests" */;
			buildPhases = (
				F69EE7A026CC96E100DA1648 /* Sources */,
				F69EE7A126CC96E100DA1648 /* Frameworks */,
				F69EE7A226CC96E100DA1648 /* Resources */,
			);
			buildRules = (
			);
			dependencies = (
				F69EE7A626CC96E100DA1648 /* PBXTargetDependency */,
			);
			name = MentorBookUITests;
			productName = MentorBookUITests;
			productReference = F69EE7A426CC96E100DA1648 /* MentorBookUITests.xctest */;
			productType = "com.apple.product-type.bundle.ui-testing";
		};
/* End PBXNativeTarget section */

/* Begin PBXProject section */
		F69EE77B26CC96DD00DA1648 /* Project object */ = {
			isa = PBXProject;
			attributes = {
				LastSwiftUpdateCheck = 1250;
				LastUpgradeCheck = 1250;
				TargetAttributes = {
					F69EE78226CC96DD00DA1648 = {
						CreatedOnToolsVersion = 12.5.1;
					};
					F69EE79826CC96E100DA1648 = {
						CreatedOnToolsVersion = 12.5.1;
						TestTargetID = F69EE78226CC96DD00DA1648;
					};
					F69EE7A326CC96E100DA1648 = {
						CreatedOnToolsVersion = 12.5.1;
						TestTargetID = F69EE78226CC96DD00DA1648;
					};
				};
			};
			buildConfigurationList = F69EE77E26CC96DD00DA1648 /* Build configuration list for PBXProject "MentorBook" */;
			compatibilityVersion = "Xcode 9.3";
			developmentRegion = en;
			hasScannedForEncodings = 0;
			knownRegions = (
				en,
				Base,
			);
			mainGroup = F69EE77A26CC96DD00DA1648;
			productRefGroup = F69EE78426CC96DD00DA1648 /* Products */;
			projectDirPath = "";
			projectRoot = "";
			targets = (
				F69EE78226CC96DD00DA1648 /* MentorBook */,
				F69EE79826CC96E100DA1648 /* MentorBookTests */,
				F69EE7A326CC96E100DA1648 /* MentorBookUITests */,
			);
		};
/* End PBXProject section */

/* Begin PBXResourcesBuildPhase section */
		F69EE78126CC96DD00DA1648 /* Resources */ = {
			isa = PBXResourcesBuildPhase;
			buildActionMask = 2147483647;
			files = (
				F69EE79326CC96E100DA1648 /* LaunchScreen.storyboard in Resources */,
				F69EE79026CC96E100DA1648 /* Assets.xcassets in Resources */,
				F69EE78E26CC96DD00DA1648 /* Main.storyboard in Resources */,
			);
			runOnlyForDeploymentPostprocessing = 0;
		};
		F69EE79726CC96E100DA1648 /* Resources */ = {
			isa = PBXResourcesBuildPhase;
			buildActionMask = 2147483647;
			files = (
			);
			runOnlyForDeploymentPostprocessing = 0;
		};
		F69EE7A226CC96E100DA1648 /* Resources */ = {
			isa = PBXResourcesBuildPhase;
			buildActionMask = 2147483647;
			files = (
			);
			runOnlyForDeploymentPostprocessing = 0;
		};
/* End PBXResourcesBuildPhase section */

/* Begin PBXSourcesBuildPhase section */
		F69EE77F26CC96DD00DA1648 /* Sources */ = {
			isa = PBXSourcesBuildPhase;
			buildActionMask = 2147483647;
			files = (
				F69EE7B726CC9A1800DA1648 /* Mentor.swift in Sources */,
				F69EE78B26CC96DD00DA1648 /* ViewController.swift in Sources */,
				F69EE78726CC96DD00DA1648 /* AppDelegate.swift in Sources */,
				F69EE78926CC96DD00DA1648 /* SceneDelegate.swift in Sources */,
			);
			runOnlyForDeploymentPostprocessing = 0;
		};
		F69EE79526CC96E100DA1648 /* Sources */ = {
			isa = PBXSourcesBuildPhase;
			buildActionMask = 2147483647;
			files = (
				F69EE79E26CC96E100DA1648 /* MentorBookTests.swift in Sources */,
			);
			runOnlyForDeploymentPostprocessing = 0;
		};
		F69EE7A026CC96E100DA1648 /* Sources */ = {
			isa = PBXSourcesBuildPhase;
			buildActionMask = 2147483647;
			files = (
				F69EE7A926CC96E100DA1648 /* MentorBookUITests.swift in Sources */,
			);
			runOnlyForDeploymentPostprocessing = 0;
		};
/* End PBXSourcesBuildPhase section */

/* Begin PBXTargetDependency section */
		F69EE79B26CC96E100DA1648 /* PBXTargetDependency */ = {
			isa = PBXTargetDependency;
			target = F69EE78226CC96DD00DA1648 /* MentorBook */;
			targetProxy = F69EE79A26CC96E100DA1648 /* PBXContainerItemProxy */;
		};
		F69EE7A626CC96E100DA1648 /* PBXTargetDependency */ = {
			isa = PBXTargetDependency;
			target = F69EE78226CC96DD00DA1648 /* MentorBook */;
			targetProxy = F69EE7A526CC96E100DA1648 /* PBXContainerItemProxy */;
		};
/* End PBXTargetDependency section */

/* Begin PBXVariantGroup section */
		F69EE78C26CC96DD00DA1648 /* Main.storyboard */ = {
			isa = PBXVariantGroup;
			children = (
				F69EE78D26CC96DD00DA1648 /* Base */,
			);
			name = Main.storyboard;
			sourceTree = "<group>";
		};
		F69EE79126CC96E100DA1648 /* LaunchScreen.storyboard */ = {
			isa = PBXVariantGroup;
			children = (
				F69EE79226CC96E100DA1648 /* Base */,
			);
			name = LaunchScreen.storyboard;
			sourceTree = "<group>";
		};
/* End PBXVariantGroup section */

/* Begin XCBuildConfiguration section */
		F69EE7AB26CC96E100DA1648 /* Debug */ = {
			isa = XCBuildConfiguration;
			buildSettings = {
				ALWAYS_SEARCH_USER_PATHS = NO;
				CLANG_ANALYZER_NONNULL = YES;
				CLANG_ANALYZER_NUMBER_OBJECT_CONVERSION = YES_AGGRESSIVE;
				CLANG_CXX_LANGUAGE_STANDARD = "gnu++14";
				CLANG_CXX_LIBRARY = "libc++";
				CLANG_ENABLE_MODULES = YES;
				CLANG_ENABLE_OBJC_ARC = YES;
				CLANG_ENABLE_OBJC_WEAK = YES;
				CLANG_WARN_BLOCK_CAPTURE_AUTORELEASING = YES;
				CLANG_WARN_BOOL_CONVERSION = YES;
				CLANG_WARN_COMMA = YES;
				CLANG_WARN_CONSTANT_CONVERSION = YES;
				CLANG_WARN_DEPRECATED_OBJC_IMPLEMENTATIONS = YES;
				CLANG_WARN_DIRECT_OBJC_ISA_USAGE = YES_ERROR;
				CLANG_WARN_DOCUMENTATION_COMMENTS = YES;
				CLANG_WARN_EMPTY_BODY = YES;
				CLANG_WARN_ENUM_CONVERSION = YES;
				CLANG_WARN_INFINITE_RECURSION = YES;
				CLANG_WARN_INT_CONVERSION = YES;
				CLANG_WARN_NON_LITERAL_NULL_CONVERSION = YES;
				CLANG_WARN_OBJC_IMPLICIT_RETAIN_SELF = YES;
				CLANG_WARN_OBJC_LITERAL_CONVERSION = YES;
				CLANG_WARN_OBJC_ROOT_CLASS = YES_ERROR;
				CLANG_WARN_QUOTED_INCLUDE_IN_FRAMEWORK_HEADER = YES;
				CLANG_WARN_RANGE_LOOP_ANALYSIS = YES;
				CLANG_WARN_STRICT_PROTOTYPES = YES;
				CLANG_WARN_SUSPICIOUS_MOVE = YES;
				CLANG_WARN_UNGUARDED_AVAILABILITY = YES_AGGRESSIVE;
				CLANG_WARN_UNREACHABLE_CODE = YES;
				CLANG_WARN__DUPLICATE_METHOD_MATCH = YES;
				COPY_PHASE_STRIP = NO;
				DEBUG_INFORMATION_FORMAT = dwarf;
				ENABLE_STRICT_OBJC_MSGSEND = YES;
				ENABLE_TESTABILITY = YES;
				GCC_C_LANGUAGE_STANDARD = gnu11;
				GCC_DYNAMIC_NO_PIC = NO;
				GCC_NO_COMMON_BLOCKS = YES;
				GCC_OPTIMIZATION_LEVEL = 0;
				GCC_PREPROCESSOR_DEFINITIONS = (
					"DEBUG=1",
					"$(inherited)",
				);
				GCC_WARN_64_TO_32_BIT_CONVERSION = YES;
				GCC_WARN_ABOUT_RETURN_TYPE = YES_ERROR;
				GCC_WARN_UNDECLARED_SELECTOR = YES;
				GCC_WARN_UNINITIALIZED_AUTOS = YES_AGGRESSIVE;
				GCC_WARN_UNUSED_FUNCTION = YES;
				GCC_WARN_UNUSED_VARIABLE = YES;
				IPHONEOS_DEPLOYMENT_TARGET = 14.5;
				MTL_ENABLE_DEBUG_INFO = INCLUDE_SOURCE;
				MTL_FAST_MATH = YES;
				ONLY_ACTIVE_ARCH = YES;
				SDKROOT = iphoneos;
				SWIFT_ACTIVE_COMPILATION_CONDITIONS = DEBUG;
				SWIFT_OPTIMIZATION_LEVEL = "-Onone";
			};
			name = Debug;
		};
		F69EE7AC26CC96E100DA1648 /* Release */ = {
			isa = XCBuildConfiguration;
			buildSettings = {
				ALWAYS_SEARCH_USER_PATHS = NO;
				CLANG_ANALYZER_NONNULL = YES;
				CLANG_ANALYZER_NUMBER_OBJECT_CONVERSION = YES_AGGRESSIVE;
				CLANG_CXX_LANGUAGE_STANDARD = "gnu++14";
				CLANG_CXX_LIBRARY = "libc++";
				CLANG_ENABLE_MODULES = YES;
				CLANG_ENABLE_OBJC_ARC = YES;
				CLANG_ENABLE_OBJC_WEAK = YES;
				CLANG_WARN_BLOCK_CAPTURE_AUTORELEASING = YES;
				CLANG_WARN_BOOL_CONVERSION = YES;
				CLANG_WARN_COMMA = YES;
				CLANG_WARN_CONSTANT_CONVERSION = YES;
				CLANG_WARN_DEPRECATED_OBJC_IMPLEMENTATIONS = YES;
				CLANG_WARN_DIRECT_OBJC_ISA_USAGE = YES_ERROR;
				CLANG_WARN_DOCUMENTATION_COMMENTS = YES;
				CLANG_WARN_EMPTY_BODY = YES;
				CLANG_WARN_ENUM_CONVERSION = YES;
				CLANG_WARN_INFINITE_RECURSION = YES;
				CLANG_WARN_INT_CONVERSION = YES;
				CLANG_WARN_NON_LITERAL_NULL_CONVERSION = YES;
				CLANG_WARN_OBJC_IMPLICIT_RETAIN_SELF = YES;
				CLANG_WARN_OBJC_LITERAL_CONVERSION = YES;
				CLANG_WARN_OBJC_ROOT_CLASS = YES_ERROR;
				CLANG_WARN_QUOTED_INCLUDE_IN_FRAMEWORK_HEADER = YES;
				CLANG_WARN_RANGE_LOOP_ANALYSIS = YES;
				CLANG_WARN_STRICT_PROTOTYPES = YES;
				CLANG_WARN_SUSPICIOUS_MOVE = YES;
				CLANG_WARN_UNGUARDED_AVAILABILITY = YES_AGGRESSIVE;
				CLANG_WARN_UNREACHABLE_CODE = YES;
				CLANG_WARN__DUPLICATE_METHOD_MATCH = YES;
				COPY_PHASE_STRIP = NO;
				DEBUG_INFORMATION_FORMAT = "dwarf-with-dsym";
				ENABLE_NS_ASSERTIONS = NO;
				ENABLE_STRICT_OBJC_MSGSEND = YES;
				GCC_C_LANGUAGE_STANDARD = gnu11;
				GCC_NO_COMMON_BLOCKS = YES;
				GCC_WARN_64_TO_32_BIT_CONVERSION = YES;
				GCC_WARN_ABOUT_RETURN_TYPE = YES_ERROR;
				GCC_WARN_UNDECLARED_SELECTOR = YES;
				GCC_WARN_UNINITIALIZED_AUTOS = YES_AGGRESSIVE;
				GCC_WARN_UNUSED_FUNCTION = YES;
				GCC_WARN_UNUSED_VARIABLE = YES;
				IPHONEOS_DEPLOYMENT_TARGET = 14.5;
				MTL_ENABLE_DEBUG_INFO = NO;
				MTL_FAST_MATH = YES;
				SDKROOT = iphoneos;
				SWIFT_COMPILATION_MODE = wholemodule;
				SWIFT_OPTIMIZATION_LEVEL = "-O";
				VALIDATE_PRODUCT = YES;
			};
			name = Release;
		};
		F69EE7AE26CC96E100DA1648 /* Debug */ = {
			isa = XCBuildConfiguration;
			buildSettings = {
				ASSETCATALOG_COMPILER_APPICON_NAME = AppIcon;
				ASSETCATALOG_COMPILER_GLOBAL_ACCENT_COLOR_NAME = AccentColor;
				CODE_SIGN_STYLE = Automatic;
				DEVELOPMENT_TEAM = B7QT8ZD8YA;
				INFOPLIST_FILE = MentorBook/Info.plist;
				LD_RUNPATH_SEARCH_PATHS = (
					"$(inherited)",
					"@executable_path/Frameworks",
				);
				PRODUCT_BUNDLE_IDENTIFIER = app.takahashi.tanty.MentorBook;
				PRODUCT_NAME = "$(TARGET_NAME)";
				SWIFT_VERSION = 5.0;
				TARGETED_DEVICE_FAMILY = "1,2";
			};
			name = Debug;
		};
		F69EE7AF26CC96E100DA1648 /* Release */ = {
			isa = XCBuildConfiguration;
			buildSettings = {
				ASSETCATALOG_COMPILER_APPICON_NAME = AppIcon;
				ASSETCATALOG_COMPILER_GLOBAL_ACCENT_COLOR_NAME = AccentColor;
				CODE_SIGN_STYLE = Automatic;
				DEVELOPMENT_TEAM = B7QT8ZD8YA;
				INFOPLIST_FILE = MentorBook/Info.plist;
				LD_RUNPATH_SEARCH_PATHS = (
					"$(inherited)",
					"@executable_path/Frameworks",
				);
				PRODUCT_BUNDLE_IDENTIFIER = app.takahashi.tanty.MentorBook;
				PRODUCT_NAME = "$(TARGET_NAME)";
				SWIFT_VERSION = 5.0;
				TARGETED_DEVICE_FAMILY = "1,2";
			};
			name = Release;
		};
		F69EE7B126CC96E100DA1648 /* Debug */ = {
			isa = XCBuildConfiguration;
			buildSettings = {
				ALWAYS_EMBED_SWIFT_STANDARD_LIBRARIES = YES;
				BUNDLE_LOADER = "$(TEST_HOST)";
				CODE_SIGN_STYLE = Automatic;
				DEVELOPMENT_TEAM = B7QT8ZD8YA;
				INFOPLIST_FILE = MentorBookTests/Info.plist;
				IPHONEOS_DEPLOYMENT_TARGET = 14.5;
				LD_RUNPATH_SEARCH_PATHS = (
					"$(inherited)",
					"@executable_path/Frameworks",
					"@loader_path/Frameworks",
				);
				PRODUCT_BUNDLE_IDENTIFIER = app.takahashi.tanty.MentorBookTests;
				PRODUCT_NAME = "$(TARGET_NAME)";
				SWIFT_VERSION = 5.0;
				TARGETED_DEVICE_FAMILY = "1,2";
				TEST_HOST = "$(BUILT_PRODUCTS_DIR)/MentorBook.app/MentorBook";
			};
			name = Debug;
		};
		F69EE7B226CC96E100DA1648 /* Release */ = {
			isa = XCBuildConfiguration;
			buildSettings = {
				ALWAYS_EMBED_SWIFT_STANDARD_LIBRARIES = YES;
				BUNDLE_LOADER = "$(TEST_HOST)";
				CODE_SIGN_STYLE = Automatic;
				DEVELOPMENT_TEAM = B7QT8ZD8YA;
				INFOPLIST_FILE = MentorBookTests/Info.plist;
				IPHONEOS_DEPLOYMENT_TARGET = 14.5;
				LD_RUNPATH_SEARCH_PATHS = (
					"$(inherited)",
					"@executable_path/Frameworks",
					"@loader_path/Frameworks",
				);
				PRODUCT_BUNDLE_IDENTIFIER = app.takahashi.tanty.MentorBookTests;
				PRODUCT_NAME = "$(TARGET_NAME)";
				SWIFT_VERSION = 5.0;
				TARGETED_DEVICE_FAMILY = "1,2";
				TEST_HOST = "$(BUILT_PRODUCTS_DIR)/MentorBook.app/MentorBook";
			};
			name = Release;
		};
		F69EE7B426CC96E100DA1648 /* Debug */ = {
			isa = XCBuildConfiguration;
			buildSettings = {
				ALWAYS_EMBED_SWIFT_STANDARD_LIBRARIES = YES;
				CODE_SIGN_STYLE = Automatic;
				DEVELOPMENT_TEAM = B7QT8ZD8YA;
				INFOPLIST_FILE = MentorBookUITests/Info.plist;
				LD_RUNPATH_SEARCH_PATHS = (
					"$(inherited)",
					"@executable_path/Frameworks",
					"@loader_path/Frameworks",
				);
				PRODUCT_BUNDLE_IDENTIFIER = app.takahashi.tanty.MentorBookUITests;
				PRODUCT_NAME = "$(TARGET_NAME)";
				SWIFT_VERSION = 5.0;
				TARGETED_DEVICE_FAMILY = "1,2";
				TEST_TARGET_NAME = MentorBook;
			};
			name = Debug;
		};
		F69EE7B526CC96E100DA1648 /* Release */ = {
			isa = XCBuildConfiguration;
			buildSettings = {
				ALWAYS_EMBED_SWIFT_STANDARD_LIBRARIES = YES;
				CODE_SIGN_STYLE = Automatic;
				DEVELOPMENT_TEAM = B7QT8ZD8YA;
				INFOPLIST_FILE = MentorBookUITests/Info.plist;
				LD_RUNPATH_SEARCH_PATHS = (
					"$(inherited)",
					"@executable_path/Frameworks",
					"@loader_path/Frameworks",
				);
				PRODUCT_BUNDLE_IDENTIFIER = app.takahashi.tanty.MentorBookUITests;
				PRODUCT_NAME = "$(TARGET_NAME)";
				SWIFT_VERSION = 5.0;
				TARGETED_DEVICE_FAMILY = "1,2";
				TEST_TARGET_NAME = MentorBook;
			};
			name = Release;
		};
/* End XCBuildConfiguration section */

/* Begin XCConfigurationList section */
		F69EE77E26CC96DD00DA1648 /* Build configuration list for PBXProject "MentorBook" */ = {
			isa = XCConfigurationList;
			buildConfigurations = (
				F69EE7AB26CC96E100DA1648 /* Debug */,
				F69EE7AC26CC96E100DA1648 /* Release */,
			);
			defaultConfigurationIsVisible = 0;
			defaultConfigurationName = Release;
		};
		F69EE7AD26CC96E100DA1648 /* Build configuration list for PBXNativeTarget "MentorBook" */ = {
			isa = XCConfigurationList;
			buildConfigurations = (
				F69EE7AE26CC96E100DA1648 /* Debug */,
				F69EE7AF26CC96E100DA1648 /* Release */,
			);
			defaultConfigurationIsVisible = 0;
			defaultConfigurationName = Release;
		};
		F69EE7B026CC96E100DA1648 /* Build configuration list for PBXNativeTarget "MentorBookTests" */ = {
			isa = XCConfigurationList;
			buildConfigurations = (
				F69EE7B126CC96E100DA1648 /* Debug */,
				F69EE7B226CC96E100DA1648 /* Release */,
			);
			defaultConfigurationIsVisible = 0;
			defaultConfigurationName = Release;
		};
		F69EE7B326CC96E100DA1648 /* Build configuration list for PBXNativeTarget "MentorBookUITests" */ = {
			isa = XCConfigurationList;
			buildConfigurations = (
				F69EE7B426CC96E100DA1648 /* Debug */,
				F69EE7B526CC96E100DA1648 /* Release */,
			);
			defaultConfigurationIsVisible = 0;
			defaultConfigurationName = Release;
		};
/* End XCConfigurationList section */
	};
	rootObject = F69EE77B26CC96DD00DA1648 /* Project object */;
}
